// !$*UTF8*$!
{
	archiveVersion = 1;
	classes = {
	};
	objectVersion = 55;
	objects = {

/* Begin PBXBuildFile section */
		5DC9D98727AB11EB000FE5FC /* AppDelegate.swift in Sources */ = {isa = PBXBuildFile; fileRef = 5DC9D98627AB11EB000FE5FC /* AppDelegate.swift */; };
		5DC9D98927AB11EB000FE5FC /* SceneDelegate.swift in Sources */ = {isa = PBXBuildFile; fileRef = 5DC9D98827AB11EB000FE5FC /* SceneDelegate.swift */; };
		5DC9D98B27AB11EB000FE5FC /* ViewController.swift in Sources */ = {isa = PBXBuildFile; fileRef = 5DC9D98A27AB11EB000FE5FC /* ViewController.swift */; };
		5DC9D98E27AB11EB000FE5FC /* Main.storyboard in Resources */ = {isa = PBXBuildFile; fileRef = 5DC9D98C27AB11EB000FE5FC /* Main.storyboard */; };
		5DC9D99027AB11EC000FE5FC /* Assets.xcassets in Resources */ = {isa = PBXBuildFile; fileRef = 5DC9D98F27AB11EC000FE5FC /* Assets.xcassets */; };
		5DC9D99327AB11EC000FE5FC /* LaunchScreen.storyboard in Resources */ = {isa = PBXBuildFile; fileRef = 5DC9D99127AB11EC000FE5FC /* LaunchScreen.storyboard */; };
		5DC9D99E27AB11EC000FE5FC /* PreworkTests.swift in Sources */ = {isa = PBXBuildFile; fileRef = 5DC9D99D27AB11EC000FE5FC /* PreworkTests.swift */; };
		5DC9D9A827AB11EC000FE5FC /* PreworkUITests.swift in Sources */ = {isa = PBXBuildFile; fileRef = 5DC9D9A727AB11EC000FE5FC /* PreworkUITests.swift */; };
		5DC9D9AA27AB11EC000FE5FC /* PreworkUITestsLaunchTests.swift in Sources */ = {isa = PBXBuildFile; fileRef = 5DC9D9A927AB11EC000FE5FC /* PreworkUITestsLaunchTests.swift */; };
/* End PBXBuildFile section */

/* Begin PBXContainerItemProxy section */
		5DC9D99A27AB11EC000FE5FC /* PBXContainerItemProxy */ = {
			isa = PBXContainerItemProxy;
			containerPortal = 5DC9D97B27AB11EB000FE5FC /* Project object */;
			proxyType = 1;
			remoteGlobalIDString = 5DC9D98227AB11EB000FE5FC;
			remoteInfo = Prework;
		};
		5DC9D9A427AB11EC000FE5FC /* PBXContainerItemProxy */ = {
			isa = PBXContainerItemProxy;
			containerPortal = 5DC9D97B27AB11EB000FE5FC /* Project object */;
			proxyType = 1;
			remoteGlobalIDString = 5DC9D98227AB11EB000FE5FC;
			remoteInfo = Prework;
		};
/* End PBXContainerItemProxy section */

/* Begin PBXFileReference section */
		5DC9D98327AB11EB000FE5FC /* Prework.app */ = {isa = PBXFileReference; explicitFileType = wrapper.application; includeInIndex = 0; path = Prework.app; sourceTree = BUILT_PRODUCTS_DIR; };
		5DC9D98627AB11EB000FE5FC /* AppDelegate.swift */ = {isa = PBXFileReference; lastKnownFileType = sourcecode.swift; path = AppDelegate.swift; sourceTree = "<group>"; };
		5DC9D98827AB11EB000FE5FC /* SceneDelegate.swift */ = {isa = PBXFileReference; lastKnownFileType = sourcecode.swift; path = SceneDelegate.swift; sourceTree = "<group>"; };
		5DC9D98A27AB11EB000FE5FC /* ViewController.swift */ = {isa = PBXFileReference; lastKnownFileType = sourcecode.swift; path = ViewController.swift; sourceTree = "<group>"; };
		5DC9D98D27AB11EB000FE5FC /* Base */ = {isa = PBXFileReference; lastKnownFileType = file.storyboard; name = Base; path = Base.lproj/Main.storyboard; sourceTree = "<group>"; };
		5DC9D98F27AB11EC000FE5FC /* Assets.xcassets */ = {isa = PBXFileReference; lastKnownFileType = folder.assetcatalog; path = Assets.xcassets; sourceTree = "<group>"; };
		5DC9D99227AB11EC000FE5FC /* Base */ = {isa = PBXFileReference; lastKnownFileType = file.storyboard; name = Base; path = Base.lproj/LaunchScreen.storyboard; sourceTree = "<group>"; };
		5DC9D99427AB11EC000FE5FC /* Info.plist */ = {isa = PBXFileReference; lastKnownFileType = text.plist.xml; path = Info.plist; sourceTree = "<group>"; };
		5DC9D99927AB11EC000FE5FC /* PreworkTests.xctest */ = {isa = PBXFileReference; explicitFileType = wrapper.cfbundle; includeInIndex = 0; path = PreworkTests.xctest; sourceTree = BUILT_PRODUCTS_DIR; };
		5DC9D99D27AB11EC000FE5FC /* PreworkTests.swift */ = {isa = PBXFileReference; lastKnownFileType = sourcecode.swift; path = PreworkTests.swift; sourceTree = "<group>"; };
		5DC9D9A327AB11EC000FE5FC /* PreworkUITests.xctest */ = {isa = PBXFileReference; explicitFileType = wrapper.cfbundle; includeInIndex = 0; path = PreworkUITests.xctest; sourceTree = BUILT_PRODUCTS_DIR; };
		5DC9D9A727AB11EC000FE5FC /* PreworkUITests.swift */ = {isa = PBXFileReference; lastKnownFileType = sourcecode.swift; path = PreworkUITests.swift; sourceTree = "<group>"; };
		5DC9D9A927AB11EC000FE5FC /* PreworkUITestsLaunchTests.swift */ = {isa = PBXFileReference; lastKnownFileType = sourcecode.swift; path = PreworkUITestsLaunchTests.swift; sourceTree = "<group>"; };
		5DC9D9B727AB14C0000FE5FC /* en */ = {isa = PBXFileReference; lastKnownFileType = text.plist.strings; name = en; path = en.lproj/Main.strings; sourceTree = "<group>"; };
/* End PBXFileReference section */

/* Begin PBXFrameworksBuildPhase section */
		5DC9D98027AB11EB000FE5FC /* Frameworks */ = {
			isa = PBXFrameworksBuildPhase;
			buildActionMask = 2147483647;
			files = (
			);
			runOnlyForDeploymentPostprocessing = 0;
		};
		5DC9D99627AB11EC000FE5FC /* Frameworks */ = {
			isa = PBXFrameworksBuildPhase;
			buildActionMask = 2147483647;
			files = (
			);
			runOnlyForDeploymentPostprocessing = 0;
		};
		5DC9D9A027AB11EC000FE5FC /* Frameworks */ = {
			isa = PBXFrameworksBuildPhase;
			buildActionMask = 2147483647;
			files = (
			);
			runOnlyForDeploymentPostprocessing = 0;
		};
/* End PBXFrameworksBuildPhase section */

/* Begin PBXGroup section */
		5DC9D97A27AB11EB000FE5FC = {
			isa = PBXGroup;
			children = (
				5DC9D98527AB11EB000FE5FC /* Prework */,
				5DC9D99C27AB11EC000FE5FC /* PreworkTests */,
				5DC9D9A627AB11EC000FE5FC /* PreworkUITests */,
				5DC9D98427AB11EB000FE5FC /* Products */,
			);
			sourceTree = "<group>";
		};
		5DC9D98427AB11EB000FE5FC /* Products */ = {
			isa = PBXGroup;
			children = (
				5DC9D98327AB11EB000FE5FC /* Prework.app */,
				5DC9D99927AB11EC000FE5FC /* PreworkTests.xctest */,
				5DC9D9A327AB11EC000FE5FC /* PreworkUITests.xctest */,
			);
			name = Products;
			sourceTree = "<group>";
		};
		5DC9D98527AB11EB000FE5FC /* Prework */ = {
			isa = PBXGroup;
			children = (
				5DC9D98627AB11EB000FE5FC /* AppDelegate.swift */,
				5DC9D98827AB11EB000FE5FC /* SceneDelegate.swift */,
				5DC9D98A27AB11EB000FE5FC /* ViewController.swift */,
				5DC9D98C27AB11EB000FE5FC /* Main.storyboard */,
				5DC9D98F27AB11EC000FE5FC /* Assets.xcassets */,
				5DC9D99127AB11EC000FE5FC /* LaunchScreen.storyboard */,
				5DC9D99427AB11EC000FE5FC /* Info.plist */,
			);
			path = Prework;
			sourceTree = "<group>";
		};
		5DC9D99C27AB11EC000FE5FC /* PreworkTests */ = {
			isa = PBXGroup;
			children = (
				5DC9D99D27AB11EC000FE5FC /* PreworkTests.swift */,
			);
			path = PreworkTests;
			sourceTree = "<group>";
		};
		5DC9D9A627AB11EC000FE5FC /* PreworkUITests */ = {
			isa = PBXGroup;
			children = (
				5DC9D9A727AB11EC000FE5FC /* PreworkUITests.swift */,
				5DC9D9A927AB11EC000FE5FC /* PreworkUITestsLaunchTests.swift */,
			);
			path = PreworkUITests;
			sourceTree = "<group>";
		};
/* End PBXGroup section */

/* Begin PBXNativeTarget section */
		5DC9D98227AB11EB000FE5FC /* Prework */ = {
			isa = PBXNativeTarget;
			buildConfigurationList = 5DC9D9AD27AB11EC000FE5FC /* Build configuration list for PBXNativeTarget "Prework" */;
			buildPhases = (
				5DC9D97F27AB11EB000FE5FC /* Sources */,
				5DC9D98027AB11EB000FE5FC /* Frameworks */,
				5DC9D98127AB11EB000FE5FC /* Resources */,
			);
			buildRules = (
			);
			dependencies = (
			);
			name = Prework;
			productName = Prework;
			productReference = 5DC9D98327AB11EB000FE5FC /* Prework.app */;
			productType = "com.apple.product-type.application";
		};
		5DC9D99827AB11EC000FE5FC /* PreworkTests */ = {
			isa = PBXNativeTarget;
			buildConfigurationList = 5DC9D9B027AB11EC000FE5FC /* Build configuration list for PBXNativeTarget "PreworkTests" */;
			buildPhases = (
				5DC9D99527AB11EC000FE5FC /* Sources */,
				5DC9D99627AB11EC000FE5FC /* Frameworks */,
				5DC9D99727AB11EC000FE5FC /* Resources */,
			);
			buildRules = (
			);
			dependencies = (
				5DC9D99B27AB11EC000FE5FC /* PBXTargetDependency */,
			);
			name = PreworkTests;
			productName = PreworkTests;
			productReference = 5DC9D99927AB11EC000FE5FC /* PreworkTests.xctest */;
			productType = "com.apple.product-type.bundle.unit-test";
		};
		5DC9D9A227AB11EC000FE5FC /* PreworkUITests */ = {
			isa = PBXNativeTarget;
			buildConfigurationList = 5DC9D9B327AB11EC000FE5FC /* Build configuration list for PBXNativeTarget "PreworkUITests" */;
			buildPhases = (
				5DC9D99F27AB11EC000FE5FC /* Sources */,
				5DC9D9A027AB11EC000FE5FC /* Frameworks */,
				5DC9D9A127AB11EC000FE5FC /* Resources */,
			);
			buildRules = (
			);
			dependencies = (
				5DC9D9A527AB11EC000FE5FC /* PBXTargetDependency */,
			);
			name = PreworkUITests;
			productName = PreworkUITests;
			productReference = 5DC9D9A327AB11EC000FE5FC /* PreworkUITests.xctest */;
			productType = "com.apple.product-type.bundle.ui-testing";
		};
/* End PBXNativeTarget section */

/* Begin PBXProject section */
		5DC9D97B27AB11EB000FE5FC /* Project object */ = {
			isa = PBXProject;
			attributes = {
				BuildIndependentTargetsInParallel = 1;
				LastSwiftUpdateCheck = 1320;
				LastUpgradeCheck = 1320;
				TargetAttributes = {
					5DC9D98227AB11EB000FE5FC = {
						CreatedOnToolsVersion = 13.2.1;
					};
					5DC9D99827AB11EC000FE5FC = {
						CreatedOnToolsVersion = 13.2.1;
						TestTargetID = 5DC9D98227AB11EB000FE5FC;
					};
					5DC9D9A227AB11EC000FE5FC = {
						CreatedOnToolsVersion = 13.2.1;
						TestTargetID = 5DC9D98227AB11EB000FE5FC;
					};
				};
			};
			buildConfigurationList = 5DC9D97E27AB11EB000FE5FC /* Build configuration list for PBXProject "Prework" */;
			compatibilityVersion = "Xcode 13.0";
			developmentRegion = en;
			hasScannedForEncodings = 0;
			knownRegions = (
				en,
				Base,
			);
			mainGroup = 5DC9D97A27AB11EB000FE5FC;
			productRefGroup = 5DC9D98427AB11EB000FE5FC /* Products */;
			projectDirPath = "";
			projectRoot = "";
			targets = (
				5DC9D98227AB11EB000FE5FC /* Prework */,
				5DC9D99827AB11EC000FE5FC /* PreworkTests */,
				5DC9D9A227AB11EC000FE5FC /* PreworkUITests */,
			);
		};
/* End PBXProject section */

/* Begin PBXResourcesBuildPhase section */
		5DC9D98127AB11EB000FE5FC /* Resources */ = {
			isa = PBXResourcesBuildPhase;
			buildActionMask = 2147483647;
			files = (
				5DC9D99327AB11EC000FE5FC /* LaunchScreen.storyboard in Resources */,
				5DC9D99027AB11EC000FE5FC /* Assets.xcassets in Resources */,
				5DC9D98E27AB11EB000FE5FC /* Main.storyboard in Resources */,
			);
			runOnlyForDeploymentPostprocessing = 0;
		};
		5DC9D99727AB11EC000FE5FC /* Resources */ = {
			isa = PBXResourcesBuildPhase;
			buildActionMask = 2147483647;
			files = (
			);
			runOnlyForDeploymentPostprocessing = 0;
		};
		5DC9D9A127AB11EC000FE5FC /* Resources */ = {
			isa = PBXResourcesBuildPhase;
			buildActionMask = 2147483647;
			files = (
			);
			runOnlyForDeploymentPostprocessing = 0;
		};
/* End PBXResourcesBuildPhase section */

/* Begin PBXSourcesBuildPhase section */
		5DC9D97F27AB11EB000FE5FC /* Sources */ = {
			isa = PBXSourcesBuildPhase;
			buildActionMask = 2147483647;
			files = (
				5DC9D98B27AB11EB000FE5FC /* ViewController.swift in Sources */,
				5DC9D98727AB11EB000FE5FC /* AppDelegate.swift in Sources */,
				5DC9D98927AB11EB000FE5FC /* SceneDelegate.swift in Sources */,
			);
			runOnlyForDeploymentPostprocessing = 0;
		};
		5DC9D99527AB11EC000FE5FC /* Sources */ = {
			isa = PBXSourcesBuildPhase;
			buildActionMask = 2147483647;
			files = (
				5DC9D99E27AB11EC000FE5FC /* PreworkTests.swift in Sources */,
			);
			runOnlyForDeploymentPostprocessing = 0;
		};
		5DC9D99F27AB11EC000FE5FC /* Sources */ = {
			isa = PBXSourcesBuildPhase;
			buildActionMask = 2147483647;
			files = (
				5DC9D9A827AB11EC000FE5FC /* PreworkUITests.swift in Sources */,
				5DC9D9AA27AB11EC000FE5FC /* PreworkUITestsLaunchTests.swift in Sources */,
			);
			runOnlyForDeploymentPostprocessing = 0;
		};
/* End PBXSourcesBuildPhase section */

/* Begin PBXTargetDependency section */
		5DC9D99B27AB11EC000FE5FC /* PBXTargetDependency */ = {
			isa = PBXTargetDependency;
			target = 5DC9D98227AB11EB000FE5FC /* Prework */;
			targetProxy = 5DC9D99A27AB11EC000FE5FC /* PBXContainerItemProxy */;
		};
		5DC9D9A527AB11EC000FE5FC /* PBXTargetDependency */ = {
			isa = PBXTargetDependency;
			target = 5DC9D98227AB11EB000FE5FC /* Prework */;
			targetProxy = 5DC9D9A427AB11EC000FE5FC /* PBXContainerItemProxy */;
		};
/* End PBXTargetDependency section */

/* Begin PBXVariantGroup section */
		5DC9D98C27AB11EB000FE5FC /* Main.storyboard */ = {
			isa = PBXVariantGroup;
			children = (
				5DC9D98D27AB11EB000FE5FC /* Base */,
				5DC9D9B727AB14C0000FE5FC /* en */,
			);
			name = Main.storyboard;
			sourceTree = "<group>";
		};
		5DC9D99127AB11EC000FE5FC /* LaunchScreen.storyboard */ = {
			isa = PBXVariantGroup;
			children = (
				5DC9D99227AB11EC000FE5FC /* Base */,
			);
			name = LaunchScreen.storyboard;
			sourceTree = "<group>";
		};
/* End PBXVariantGroup section */

/* Begin XCBuildConfiguration section */
		5DC9D9AB27AB11EC000FE5FC /* Debug */ = {
			isa = XCBuildConfiguration;
			buildSettings = {
				ALWAYS_SEARCH_USER_PATHS = NO;
				CLANG_ANALYZER_NONNULL = YES;
				CLANG_ANALYZER_NUMBER_OBJECT_CONVERSION = YES_AGGRESSIVE;
				CLANG_CXX_LANGUAGE_STANDARD = "gnu++17";
				CLANG_CXX_LIBRARY = "libc++";
				CLANG_ENABLE_MODULES = YES;
				CLANG_ENABLE_OBJC_ARC = YES;
				CLANG_ENABLE_OBJC_WEAK = YES;
				CLANG_WARN_BLOCK_CAPTURE_AUTORELEASING = YES;
				CLANG_WARN_BOOL_CONVERSION = YES;
				CLANG_WARN_COMMA = YES;
				CLANG_WARN_CONSTANT_CONVERSION = YES;
				CLANG_WARN_DEPRECATED_OBJC_IMPLEMENTATIONS = YES;
				CLANG_WARN_DIRECT_OBJC_ISA_USAGE = YES_ERROR;
				CLANG_WARN_DOCUMENTATION_COMMENTS = YES;
				CLANG_WARN_EMPTY_BODY = YES;
				CLANG_WARN_ENUM_CONVERSION = YES;
				CLANG_WARN_INFINITE_RECURSION = YES;
				CLANG_WARN_INT_CONVERSION = YES;
				CLANG_WARN_NON_LITERAL_NULL_CONVERSION = YES;
				CLANG_WARN_OBJC_IMPLICIT_RETAIN_SELF = YES;
				CLANG_WARN_OBJC_LITERAL_CONVERSION = YES;
				CLANG_WARN_OBJC_ROOT_CLASS = YES_ERROR;
				CLANG_WARN_QUOTED_INCLUDE_IN_FRAMEWORK_HEADER = YES;
				CLANG_WARN_RANGE_LOOP_ANALYSIS = YES;
				CLANG_WARN_STRICT_PROTOTYPES = YES;
				CLANG_WARN_SUSPICIOUS_MOVE = YES;
				CLANG_WARN_UNGUARDED_AVAILABILITY = YES_AGGRESSIVE;
				CLANG_WARN_UNREACHABLE_CODE = YES;
				CLANG_WARN__DUPLICATE_METHOD_MATCH = YES;
				COPY_PHASE_STRIP = NO;
				DEBUG_INFORMATION_FORMAT = dwarf;
				ENABLE_STRICT_OBJC_MSGSEND = YES;
				ENABLE_TESTABILITY = YES;
				GCC_C_LANGUAGE_STANDARD = gnu11;
				GCC_DYNAMIC_NO_PIC = NO;
				GCC_NO_COMMON_BLOCKS = YES;
				GCC_OPTIMIZATION_LEVEL = 0;
				GCC_PREPROCESSOR_DEFINITIONS = (
					"DEBUG=1",
					"$(inherited)",
				);
				GCC_WARN_64_TO_32_BIT_CONVERSION = YES;
				GCC_WARN_ABOUT_RETURN_TYPE = YES_ERROR;
				GCC_WARN_UNDECLARED_SELECTOR = YES;
				GCC_WARN_UNINITIALIZED_AUTOS = YES_AGGRESSIVE;
				GCC_WARN_UNUSED_FUNCTION = YES;
				GCC_WARN_UNUSED_VARIABLE = YES;
				IPHONEOS_DEPLOYMENT_TARGET = 15.2;
				MTL_ENABLE_DEBUG_INFO = INCLUDE_SOURCE;
				MTL_FAST_MATH = YES;
				ONLY_ACTIVE_ARCH = YES;
				SDKROOT = iphoneos;
				SWIFT_ACTIVE_COMPILATION_CONDITIONS = DEBUG;
				SWIFT_OPTIMIZATION_LEVEL = "-Onone";
			};
			name = Debug;
		};
		5DC9D9AC27AB11EC000FE5FC /* Release */ = {
			isa = XCBuildConfiguration;
			buildSettings = {
				ALWAYS_SEARCH_USER_PATHS = NO;
				CLANG_ANALYZER_NONNULL = YES;
				CLANG_ANALYZER_NUMBER_OBJECT_CONVERSION = YES_AGGRESSIVE;
				CLANG_CXX_LANGUAGE_STANDARD = "gnu++17";
				CLANG_CXX_LIBRARY = "libc++";
				CLANG_ENABLE_MODULES = YES;
				CLANG_ENABLE_OBJC_ARC = YES;
				CLANG_ENABLE_OBJC_WEAK = YES;
				CLANG_WARN_BLOCK_CAPTURE_AUTORELEASING = YES;
				CLANG_WARN_BOOL_CONVERSION = YES;
				CLANG_WARN_COMMA = YES;
				CLANG_WARN_CONSTANT_CONVERSION = YES;
				CLANG_WARN_DEPRECATED_OBJC_IMPLEMENTATIONS = YES;
				CLANG_WARN_DIRECT_OBJC_ISA_USAGE = YES_ERROR;
				CLANG_WARN_DOCUMENTATION_COMMENTS = YES;
				CLANG_WARN_EMPTY_BODY = YES;
				CLANG_WARN_ENUM_CONVERSION = YES;
				CLANG_WARN_INFINITE_RECURSION = YES;
				CLANG_WARN_INT_CONVERSION = YES;
				CLANG_WARN_NON_LITERAL_NULL_CONVERSION = YES;
				CLANG_WARN_OBJC_IMPLICIT_RETAIN_SELF = YES;
				CLANG_WARN_OBJC_LITERAL_CONVERSION = YES;
				CLANG_WARN_OBJC_ROOT_CLASS = YES_ERROR;
				CLANG_WARN_QUOTED_INCLUDE_IN_FRAMEWORK_HEADER = YES;
				CLANG_WARN_RANGE_LOOP_ANALYSIS = YES;
				CLANG_WARN_STRICT_PROTOTYPES = YES;
				CLANG_WARN_SUSPICIOUS_MOVE = YES;
				CLANG_WARN_UNGUARDED_AVAILABILITY = YES_AGGRESSIVE;
				CLANG_WARN_UNREACHABLE_CODE = YES;
				CLANG_WARN__DUPLICATE_METHOD_MATCH = YES;
				COPY_PHASE_STRIP = NO;
				DEBUG_INFORMATION_FORMAT = "dwarf-with-dsym";
				ENABLE_NS_ASSERTIONS = NO;
				ENABLE_STRICT_OBJC_MSGSEND = YES;
				GCC_C_LANGUAGE_STANDARD = gnu11;
				GCC_NO_COMMON_BLOCKS = YES;
				GCC_WARN_64_TO_32_BIT_CONVERSION = YES;
				GCC_WARN_ABOUT_RETURN_TYPE = YES_ERROR;
				GCC_WARN_UNDECLARED_SELECTOR = YES;
				GCC_WARN_UNINITIALIZED_AUTOS = YES_AGGRESSIVE;
				GCC_WARN_UNUSED_FUNCTION = YES;
				GCC_WARN_UNUSED_VARIABLE = YES;
				IPHONEOS_DEPLOYMENT_TARGET = 15.2;
				MTL_ENABLE_DEBUG_INFO = NO;
				MTL_FAST_MATH = YES;
				SDKROOT = iphoneos;
				SWIFT_COMPILATION_MODE = wholemodule;
				SWIFT_OPTIMIZATION_LEVEL = "-O";
				VALIDATE_PRODUCT = YES;
			};
			name = Release;
		};
		5DC9D9AE27AB11EC000FE5FC /* Debug */ = {
			isa = XCBuildConfiguration;
			buildSettings = {
				ASSETCATALOG_COMPILER_APPICON_NAME = AppIcon;
				ASSETCATALOG_COMPILER_GLOBAL_ACCENT_COLOR_NAME = AccentColor;
				CODE_SIGN_STYLE = Automatic;
				CURRENT_PROJECT_VERSION = 1;
				GENERATE_INFOPLIST_FILE = YES;
				INFOPLIST_FILE = Prework/Info.plist;
				INFOPLIST_KEY_UIApplicationSupportsIndirectInputEvents = YES;
				INFOPLIST_KEY_UILaunchStoryboardName = LaunchScreen;
				INFOPLIST_KEY_UIMainStoryboardFile = Main;
				INFOPLIST_KEY_UISupportedInterfaceOrientations_iPad = "UIInterfaceOrientationPortrait UIInterfaceOrientationPortraitUpsideDown UIInterfaceOrientationLandscapeLeft UIInterfaceOrientationLandscapeRight";
				INFOPLIST_KEY_UISupportedInterfaceOrientations_iPhone = "UIInterfaceOrientationPortrait UIInterfaceOrientationLandscapeLeft UIInterfaceOrientationLandscapeRight";
				LD_RUNPATH_SEARCH_PATHS = (
					"$(inherited)",
					"@executable_path/Frameworks",
				);
				MARKETING_VERSION = 1.0;
				PRODUCT_BUNDLE_IDENTIFIER = memo.com.Prework;
				PRODUCT_NAME = "$(TARGET_NAME)";
				SWIFT_EMIT_LOC_STRINGS = YES;
				SWIFT_VERSION = 5.0;
				TARGETED_DEVICE_FAMILY = "1,2";
			};
			name = Debug;
		};
		5DC9D9AF27AB11EC000FE5FC /* Release */ = {
			isa = XCBuildConfiguration;
			buildSettings = {
				ASSETCATALOG_COMPILER_APPICON_NAME = AppIcon;
				ASSETCATALOG_COMPILER_GLOBAL_ACCENT_COLOR_NAME = AccentColor;
				CODE_SIGN_STYLE = Automatic;
				CURRENT_PROJECT_VERSION = 1;
				GENERATE_INFOPLIST_FILE = YES;
				INFOPLIST_FILE = Prework/Info.plist;
				INFOPLIST_KEY_UIApplicationSupportsIndirectInputEvents = YES;
				INFOPLIST_KEY_UILaunchStoryboardName = LaunchScreen;
				INFOPLIST_KEY_UIMainStoryboardFile = Main;
				INFOPLIST_KEY_UISupportedInterfaceOrientations_iPad = "UIInterfaceOrientationPortrait UIInterfaceOrientationPortraitUpsideDown UIInterfaceOrientationLandscapeLeft UIInterfaceOrientationLandscapeRight";
				INFOPLIST_KEY_UISupportedInterfaceOrientations_iPhone = "UIInterfaceOrientationPortrait UIInterfaceOrientationLandscapeLeft UIInterfaceOrientationLandscapeRight";
				LD_RUNPATH_SEARCH_PATHS = (
					"$(inherited)",
					"@executable_path/Frameworks",
				);
				MARKETING_VERSION = 1.0;
				PRODUCT_BUNDLE_IDENTIFIER = memo.com.Prework;
				PRODUCT_NAME = "$(TARGET_NAME)";
				SWIFT_EMIT_LOC_STRINGS = YES;
				SWIFT_VERSION = 5.0;
				TARGETED_DEVICE_FAMILY = "1,2";
			};
			name = Release;
		};
		5DC9D9B127AB11EC000FE5FC /* Debug */ = {
			isa = XCBuildConfiguration;
			buildSettings = {
				ALWAYS_EMBED_SWIFT_STANDARD_LIBRARIES = YES;
				BUNDLE_LOADER = "$(TEST_HOST)";
				CODE_SIGN_STYLE = Automatic;
				CURRENT_PROJECT_VERSION = 1;
				GENERATE_INFOPLIST_FILE = YES;
				IPHONEOS_DEPLOYMENT_TARGET = 15.2;
				MARKETING_VERSION = 1.0;
				PRODUCT_BUNDLE_IDENTIFIER = memo.com.PreworkTests;
				PRODUCT_NAME = "$(TARGET_NAME)";
				SWIFT_EMIT_LOC_STRINGS = NO;
				SWIFT_VERSION = 5.0;
				TARGETED_DEVICE_FAMILY = "1,2";
				TEST_HOST = "$(BUILT_PRODUCTS_DIR)/Prework.app/Prework";
			};
			name = Debug;
		};
		5DC9D9B227AB11EC000FE5FC /* Release */ = {
			isa = XCBuildConfiguration;
			buildSettings = {
				ALWAYS_EMBED_SWIFT_STANDARD_LIBRARIES = YES;
				BUNDLE_LOADER = "$(TEST_HOST)";
				CODE_SIGN_STYLE = Automatic;
				CURRENT_PROJECT_VERSION = 1;
				GENERATE_INFOPLIST_FILE = YES;
				IPHONEOS_DEPLOYMENT_TARGET = 15.2;
				MARKETING_VERSION = 1.0;
				PRODUCT_BUNDLE_IDENTIFIER = memo.com.PreworkTests;
				PRODUCT_NAME = "$(TARGET_NAME)";
				SWIFT_EMIT_LOC_STRINGS = NO;
				SWIFT_VERSION = 5.0;
				TARGETED_DEVICE_FAMILY = "1,2";
				TEST_HOST = "$(BUILT_PRODUCTS_DIR)/Prework.app/Prework";
			};
			name = Release;
		};
		5DC9D9B427AB11EC000FE5FC /* Debug */ = {
			isa = XCBuildConfiguration;
			buildSettings = {
				ALWAYS_EMBED_SWIFT_STANDARD_LIBRARIES = YES;
				CODE_SIGN_STYLE = Automatic;
				CURRENT_PROJECT_VERSION = 1;
				GENERATE_INFOPLIST_FILE = YES;
				MARKETING_VERSION = 1.0;
				PRODUCT_BUNDLE_IDENTIFIER = memo.com.PreworkUITests;
				PRODUCT_NAME = "$(TARGET_NAME)";
				SWIFT_EMIT_LOC_STRINGS = NO;
				SWIFT_VERSION = 5.0;
				TARGETED_DEVICE_FAMILY = "1,2";
				TEST_TARGET_NAME = Prework;
			};
			name = Debug;
		};
		5DC9D9B527AB11EC000FE5FC /* Release */ = {
			isa = XCBuildConfiguration;
			buildSettings = {
				ALWAYS_EMBED_SWIFT_STANDARD_LIBRARIES = YES;
				CODE_SIGN_STYLE = Automatic;
				CURRENT_PROJECT_VERSION = 1;
				GENERATE_INFOPLIST_FILE = YES;
				MARKETING_VERSION = 1.0;
				PRODUCT_BUNDLE_IDENTIFIER = memo.com.PreworkUITests;
				PRODUCT_NAME = "$(TARGET_NAME)";
				SWIFT_EMIT_LOC_STRINGS = NO;
				SWIFT_VERSION = 5.0;
				TARGETED_DEVICE_FAMILY = "1,2";
				TEST_TARGET_NAME = Prework;
			};
			name = Release;
		};
/* End XCBuildConfiguration section */

/* Begin XCConfigurationList section */
		5DC9D97E27AB11EB000FE5FC /* Build configuration list for PBXProject "Prework" */ = {
			isa = XCConfigurationList;
			buildConfigurations = (
				5DC9D9AB27AB11EC000FE5FC /* Debug */,
				5DC9D9AC27AB11EC000FE5FC /* Release */,
			);
			defaultConfigurationIsVisible = 0;
			defaultConfigurationName = Release;
		};
		5DC9D9AD27AB11EC000FE5FC /* Build configuration list for PBXNativeTarget "Prework" */ = {
			isa = XCConfigurationList;
			buildConfigurations = (
				5DC9D9AE27AB11EC000FE5FC /* Debug */,
				5DC9D9AF27AB11EC000FE5FC /* Release */,
			);
			defaultConfigurationIsVisible = 0;
			defaultConfigurationName = Release;
		};
		5DC9D9B027AB11EC000FE5FC /* Build configuration list for PBXNativeTarget "PreworkTests" */ = {
			isa = XCConfigurationList;
			buildConfigurations = (
				5DC9D9B127AB11EC000FE5FC /* Debug */,
				5DC9D9B227AB11EC000FE5FC /* Release */,
			);
			defaultConfigurationIsVisible = 0;
			defaultConfigurationName = Release;
		};
		5DC9D9B327AB11EC000FE5FC /* Build configuration list for PBXNativeTarget "PreworkUITests" */ = {
			isa = XCConfigurationList;
			buildConfigurations = (
				5DC9D9B427AB11EC000FE5FC /* Debug */,
				5DC9D9B527AB11EC000FE5FC /* Release */,
			);
			defaultConfigurationIsVisible = 0;
			defaultConfigurationName = Release;
		};
/* End XCConfigurationList section */
	};
	rootObject = 5DC9D97B27AB11EB000FE5FC /* Project object */;
}
